speakeasyVersion: 1.691.0
sources:
    Authlete API Explorer:
        sourceNamespace: authlete-api-explorer
        sourceRevisionDigest: sha256:c2f8e85f1f3eb9e20bb9d9f0458542c20a18cb0a1deae8da889252ef7e361ff7
        sourceBlobDigest: sha256:5b36101f09c9bd86a8356fff5d0b4bdd34b7207f21273202d0f6df64a117192c
        tags:
            - latest
            - speakeasy-sdk-regen-1768983876
            - 3.0.16
targets:
    authlete:
        source: Authlete API Explorer
        sourceNamespace: authlete-api-explorer
        sourceRevisionDigest: sha256:c2f8e85f1f3eb9e20bb9d9f0458542c20a18cb0a1deae8da889252ef7e361ff7
        sourceBlobDigest: sha256:5b36101f09c9bd86a8356fff5d0b4bdd34b7207f21273202d0f6df64a117192c
        codeSamplesNamespace: authlete-api-explorer-typescript-code-samples
        codeSamplesRevisionDigest: sha256:40a11e5cd15aaa3954f6d21698eb8edaab7555b3ce21ce20c81603943393db3d
workflow:
    workflowVersion: 1.0.0
    speakeasyVersion: latest
    sources:
        Authlete API Explorer:
            inputs:
                - location: https://raw.githubusercontent.com/authlete/openapi/refs/heads/main/spec_next.yaml
            overlays:
                - location: .speakeasy/speakeasy-modifications-overlay.yaml
            output: .speakeasy/out.openapi.yaml
            registry:
                location: registry.speakeasyapi.dev/authlete/sdk-workspace/authlete-api-explorer
    targets:
        authlete:
            target: typescript
            source: Authlete API Explorer
            publish:
                npm:
                    token: $npm_token
            codeSamples:
                registry:
                    location: registry.speakeasyapi.dev/authlete/sdk-workspace/authlete-api-explorer-typescript-code-samples
                labelOverride:
                    fixedValue: Typescript (SDK)
                blocking: false
