speakeasyVersion: 1.761.1
sources:
    Authlete API Explorer:
        sourceNamespace: authlete-api-explorer
        sourceRevisionDigest: sha256:f09c47eb0ec8fdf18b8b77a7b812fdd389b4890f887cdb5fdc2de17f1158baec
        sourceBlobDigest: sha256:333991235782cbf2f6731e74a8f682b1b2a6b2295d48bb2a67b08ec3f7929c33
        tags:
            - latest
            - 3.0.16
targets:
    authlete:
        source: Authlete API Explorer
        sourceNamespace: authlete-api-explorer
        sourceRevisionDigest: sha256:f09c47eb0ec8fdf18b8b77a7b812fdd389b4890f887cdb5fdc2de17f1158baec
        sourceBlobDigest: sha256:333991235782cbf2f6731e74a8f682b1b2a6b2295d48bb2a67b08ec3f7929c33
        codeSamplesNamespace: authlete-api-explorer-typescript-code-samples
        codeSamplesRevisionDigest: sha256:1a02d680977931291565d8518fb89fd9bab777ca44c6be1df2a81608a9b51765
workflow:
    workflowVersion: 1.0.0
    speakeasyVersion: latest
    sources:
        Authlete API Explorer:
            inputs:
                - location: https://raw.githubusercontent.com/authlete/openapi/refs/heads/main/spec_next.yaml
            overlays:
                - location: .speakeasy/speakeasy-modifications-overlay.yaml
            output: .speakeasy/out.openapi.yaml
            registry:
                location: registry.speakeasyapi.dev/authlete/sdk-workspace/authlete-api-explorer
    targets:
        authlete:
            target: typescript
            source: Authlete API Explorer
            publish:
                npm:
                    token: $npm_token
            codeSamples:
                registry:
                    location: registry.speakeasyapi.dev/authlete/sdk-workspace/authlete-api-explorer-typescript-code-samples
                labelOverride:
                    fixedValue: Typescript (SDK)
                blocking: false
