speakeasyVersion: 1.751.0
sources:
    Authlete API Explorer:
        sourceNamespace: authlete-api-explorer
        sourceRevisionDigest: sha256:913358294eff4afe696375cb2ef02d186ce1fecaa4d3d654ddc1fe717c9710f0
        sourceBlobDigest: sha256:c73ff65fad6f9b7c08c50e509506df9aeb6b30aac454ec7ccb123df77d3a5f82
        tags:
            - latest
            - 3.0.16
targets:
    authlete:
        source: Authlete API Explorer
        sourceNamespace: authlete-api-explorer
        sourceRevisionDigest: sha256:913358294eff4afe696375cb2ef02d186ce1fecaa4d3d654ddc1fe717c9710f0
        sourceBlobDigest: sha256:c73ff65fad6f9b7c08c50e509506df9aeb6b30aac454ec7ccb123df77d3a5f82
        codeSamplesNamespace: authlete-api-explorer-typescript-code-samples
        codeSamplesRevisionDigest: sha256:fed46b64f755a97ce592d956c46d7c5ff0b3830ba94f2aa0710289209d2f642f
workflow:
    workflowVersion: 1.0.0
    speakeasyVersion: latest
    sources:
        Authlete API Explorer:
            inputs:
                - location: https://raw.githubusercontent.com/authlete/openapi/refs/heads/main/spec_next.yaml
            overlays:
                - location: .speakeasy/speakeasy-modifications-overlay.yaml
            output: .speakeasy/out.openapi.yaml
            registry:
                location: registry.speakeasyapi.dev/authlete/sdk-workspace/authlete-api-explorer
    targets:
        authlete:
            target: typescript
            source: Authlete API Explorer
            publish:
                npm:
                    token: $npm_token
            codeSamples:
                registry:
                    location: registry.speakeasyapi.dev/authlete/sdk-workspace/authlete-api-explorer-typescript-code-samples
                labelOverride:
                    fixedValue: Typescript (SDK)
                blocking: false
